
Microsoft Visual Studio Solution File, Format Version 12.00
# Visual Studio 14
VisualStudioVersion = 14.0.22823.1
MinimumVisualStudioVersion = 10.0.40219.1
Project("{FAE04EC0-301F-11D3-BF4B-00C04F79EFBC}") = "LogIndexer.Analysis.Web", "LogIndexer.Analysis.Web\LogIndexer.Analysis.Web.csproj", "{3E161FB5-63A6-479A-BF64-A090D053B2CD}"
EndProject
Project("{FAE04EC0-301F-11D3-BF4B-00C04F79EFBC}") = "LogIndexer.Processor.Console", "LogIndexer.Processor.Console\LogIndexer.Processor.Console.csproj", "{D973BEBD-364C-495C-A2F7-9D45A7A2A02A}"
EndProject
Project("{FAE04EC0-301F-11D3-BF4B-00C04F79EFBC}") = "LogIndexer.Core.Domain", "LogIndexer.Core.Domain\LogIndexer.Core.Domain.csproj", "{1FA52598-89FB-4806-AAF4-23DE31969D85}"
EndProject
Global
	GlobalSection(SolutionConfigurationPlatforms) = preSolution
		Debug|Any CPU = Debug|Any CPU
		Release|Any CPU = Release|Any CPU
	EndGlobalSection
	GlobalSection(ProjectConfigurationPlatforms) = postSolution
		{3E161FB5-63A6-479A-BF64-A090D053B2CD}.Debug|Any CPU.ActiveCfg = Debug|Any CPU
		{3E161FB5-63A6-479A-BF64-A090D053B2CD}.Debug|Any CPU.Build.0 = Debug|Any CPU
		{3E161FB5-63A6-479A-BF64-A090D053B2CD}.Release|Any CPU.ActiveCfg = Release|Any CPU
		{3E161FB5-63A6-479A-BF64-A090D053B2CD}.Release|Any CPU.Build.0 = Release|Any CPU
		{D973BEBD-364C-495C-A2F7-9D45A7A2A02A}.Debug|Any CPU.ActiveCfg = Debug|Any CPU
		{D973BEBD-364C-495C-A2F7-9D45A7A2A02A}.Debug|Any CPU.Build.0 = Debug|Any CPU
		{D973BEBD-364C-495C-A2F7-9D45A7A2A02A}.Release|Any CPU.ActiveCfg = Release|Any CPU
		{D973BEBD-364C-495C-A2F7-9D45A7A2A02A}.Release|Any CPU.Build.0 = Release|Any CPU
		{1FA52598-89FB-4806-AAF4-23DE31969D85}.Debug|Any CPU.ActiveCfg = Debug|Any CPU
		{1FA52598-89FB-4806-AAF4-23DE31969D85}.Debug|Any CPU.Build.0 = Debug|Any CPU
		{1FA52598-89FB-4806-AAF4-23DE31969D85}.Release|Any CPU.ActiveCfg = Release|Any CPU
		{1FA52598-89FB-4806-AAF4-23DE31969D85}.Release|Any CPU.Build.0 = Release|Any CPU
	EndGlobalSection
	GlobalSection(SolutionProperties) = preSolution
		HideSolutionNode = FALSE
	EndGlobalSection
EndGlobal
